
Microsoft Visual Studio Solution File, Format Version 12.00
# Visual Studio 15
VisualStudioVersion = 15.0.28307.852
MinimumVisualStudioVersion = 10.0.40219.1
Project("{8BC9CEB8-8B4A-11D0-8D11-00A0C91BC942}") = "lab2", "lab2\lab2.vcxproj", "{B9B3EE1D-5ACF-46A3-B2E0-8746D5010190}"
EndProject
Global
	GlobalSection(SolutionConfigurationPlatforms) = preSolution
		Debug|x64 = Debug|x64
		Debug|x86 = Debug|x86
		Release|x64 = Release|x64
		Release|x86 = Release|x86
	EndGlobalSection
	GlobalSection(ProjectConfigurationPlatforms) = postSolution
		{B9B3EE1D-5ACF-46A3-B2E0-8746D5010190}.Debug|x64.ActiveCfg = Debug|x64
		{B9B3EE1D-5ACF-46A3-B2E0-8746D5010190}.Debug|x64.Build.0 = Debug|x64
		{B9B3EE1D-5ACF-46A3-B2E0-8746D5010190}.Debug|x86.ActiveCfg = Debug|Win32
		{B9B3EE1D-5ACF-46A3-B2E0-8746D5010190}.Debug|x86.Build.0 = Debug|Win32
		{B9B3EE1D-5ACF-46A3-B2E0-8746D5010190}.Release|x64.ActiveCfg = Release|x64
		{B9B3EE1D-5ACF-46A3-B2E0-8746D5010190}.Release|x64.Build.0 = Release|x64
		{B9B3EE1D-5ACF-46A3-B2E0-8746D5010190}.Release|x86.ActiveCfg = Release|Win32
		{B9B3EE1D-5ACF-46A3-B2E0-8746D5010190}.Release|x86.Build.0 = Release|Win32
	EndGlobalSection
	GlobalSection(SolutionProperties) = preSolution
		HideSolutionNode = FALSE
	EndGlobalSection
	GlobalSection(ExtensibilityGlobals) = postSolution
		SolutionGuid = {00BEE786-4CB1-4BC7-98BA-758F30E1DA5B}
	EndGlobalSection
EndGlobal
